<Solution>
  <Folder Name="/src/">
    <Project Path="src/TimeTracker.Core/TimeTracker.Core.csproj" />
    <Project Path="src/TimeTracker.Infrastructure/TimeTracker.Infrastructure.csproj" />
    <Project Path="src/TimeTracker.Web/TimeTracker.Web.csproj" />
  </Folder>
  <Folder Name="/tests/">
    <Project Path="tests/TimeTracker.Core.Tests/TimeTracker.Core.Tests.csproj" />
  </Folder>
</Solution>
